
Microsoft Visual Studio Solution File, Format Version 12.00
# Visual Studio Version 17
VisualStudioVersion = 17.2.32630.192
MinimumVisualStudioVersion = 10.0.40219.1
Project("{9A19103F-16F7-4668-BE54-9A1E7A4F7556}") = "R5T.Z0067.Construction", "R5T.Z0067.Construction\R5T.Z0067.Construction.csproj", "{AC0C12A7-8F49-405F-A103-DD54FC19D2CE}"
EndProject
Project("{9A19103F-16F7-4668-BE54-9A1E7A4F7556}") = "R5T.Z0067", "R5T.Z0067\R5T.Z0067.csproj", "{493FCC43-07B4-4441-9E0D-47DA640D74FC}"
EndProject
Project("{9A19103F-16F7-4668-BE54-9A1E7A4F7556}") = "R5T.Z0067.Z001", "R5T.Z0067.Z001\R5T.Z0067.Z001.csproj", "{2CD3C172-80C9-44A8-98AB-EF64B5EFC25C}"
EndProject
Project("{2150E333-8FDC-42A3-9474-1A3956D46DE8}") = "_Dependencies", "_Dependencies", "{8F1A099A-7ED8-43D0-A3A3-4390D1B2396D}"
EndProject
Project("{9A19103F-16F7-4668-BE54-9A1E7A4F7556}") = "R5T.F0000", "..\..\R5T.F0000\source\R5T.F0000\R5T.F0000.csproj", "{53F0EC5E-26BA-4557-99A8-28B55638B4F7}"
EndProject
Project("{9A19103F-16F7-4668-BE54-9A1E7A4F7556}") = "R5T.F0002", "..\..\R5T.F0002\source\R5T.F0002\R5T.F0002.csproj", "{214DBBBB-AFD6-49A5-9E3F-7B71BAEC1363}"
EndProject
Project("{9A19103F-16F7-4668-BE54-9A1E7A4F7556}") = "R5T.F0059", "..\..\R5T.F0059\source\R5T.F0059\R5T.F0059.csproj", "{1C5A75AB-8407-4ADC-90D4-DAE46B31A5CB}"
EndProject
Project("{9A19103F-16F7-4668-BE54-9A1E7A4F7556}") = "R5T.F0120", "..\..\R5T.F0120\source\R5T.F0120\R5T.F0120.csproj", "{D50F2222-B1A5-4D38-AEEA-F99F398B11DD}"
EndProject
Project("{9A19103F-16F7-4668-BE54-9A1E7A4F7556}") = "R5T.F0124", "..\..\R5T.F0124\source\R5T.F0124\R5T.F0124.csproj", "{80E37788-16CF-4DA6-AE6B-6BBB532813D7}"
EndProject
Project("{9A19103F-16F7-4668-BE54-9A1E7A4F7556}") = "R5T.F0125", "..\..\R5T.F0125\source\R5T.F0125\R5T.F0125.csproj", "{A5BC610E-6E7A-46F3-9413-43928FE6D0B4}"
EndProject
Project("{9A19103F-16F7-4668-BE54-9A1E7A4F7556}") = "R5T.L0030.T000", "..\..\R5T.L0030\source\R5T.L0030.T000\R5T.L0030.T000.csproj", "{7637C240-31AD-41F1-B1B2-1D06FAE84254}"
EndProject
Project("{9A19103F-16F7-4668-BE54-9A1E7A4F7556}") = "R5T.L0030", "..\..\R5T.L0030\source\R5T.L0030\R5T.L0030.csproj", "{D13E556A-1C56-43DB-96C5-0897C62941BA}"
EndProject
Project("{9A19103F-16F7-4668-BE54-9A1E7A4F7556}") = "R5T.L0034", "..\..\R5T.L0034\source\R5T.L0034\R5T.L0034.csproj", "{3B4FC53C-7A56-4951-AB6D-1EAF9FB6F45C}"
EndProject
Project("{9A19103F-16F7-4668-BE54-9A1E7A4F7556}") = "R5T.L0035", "..\..\R5T.L0035\source\R5T.L0035\R5T.L0035.csproj", "{C3BA5DA9-2604-4770-96BA-A0E27B1A1515}"
EndProject
Project("{9A19103F-16F7-4668-BE54-9A1E7A4F7556}") = "R5T.L0053", "..\..\R5T.L0053\source\R5T.L0053\R5T.L0053.csproj", "{F6C4E2F0-405E-4B83-B812-A5ED31FF8C25}"
EndProject
Project("{9A19103F-16F7-4668-BE54-9A1E7A4F7556}") = "R5T.L0056", "..\..\R5T.L0056\source\R5T.L0056\R5T.L0056.csproj", "{65D3C07F-DAFA-4F4E-B160-E20B3D21A532}"
EndProject
Project("{9A19103F-16F7-4668-BE54-9A1E7A4F7556}") = "R5T.L0066", "..\..\R5T.L0066\source\R5T.L0066\R5T.L0066.csproj", "{1AE263B5-FA4C-4486-9122-217DF3520AC0}"
EndProject
Project("{9A19103F-16F7-4668-BE54-9A1E7A4F7556}") = "R5T.L0071", "..\..\R5T.L0071\source\R5T.L0071\R5T.L0071.csproj", "{C01B1284-C224-4D6D-B379-E7C79D60A2E9}"
EndProject
Project("{9A19103F-16F7-4668-BE54-9A1E7A4F7556}") = "R5T.L0074", "..\..\R5T.L0074\source\R5T.L0074\R5T.L0074.csproj", "{09FE8CAF-9D1C-41AF-A7B8-9DC7FE02D8AF}"
EndProject
Project("{9A19103F-16F7-4668-BE54-9A1E7A4F7556}") = "R5T.L0089.F000", "..\..\R5T.L0089\source\R5T.L0089.F000\R5T.L0089.F000.csproj", "{BE1817CE-B78D-4FC2-AC79-E726ADC8ACD8}"
EndProject
Project("{9A19103F-16F7-4668-BE54-9A1E7A4F7556}") = "R5T.L0089.T000", "..\..\R5T.L0089\source\R5T.L0089.T000\R5T.L0089.T000.csproj", "{4D681B9B-B82A-495A-8853-D0E05ECCFE8D}"
EndProject
Project("{9A19103F-16F7-4668-BE54-9A1E7A4F7556}") = "R5T.L0089", "..\..\R5T.L0089\source\R5T.L0089\R5T.L0089.csproj", "{6E0663B9-C799-4BBF-AE0D-1162E2896050}"
EndProject
Project("{9A19103F-16F7-4668-BE54-9A1E7A4F7556}") = "R5T.NG0006", "..\..\R5T.NG0006\source\R5T.NG0006\R5T.NG0006.csproj", "{B8889878-F0D0-4C74-B393-924B2EE867F2}"
EndProject
Project("{9A19103F-16F7-4668-BE54-9A1E7A4F7556}") = "R5T.NG0022", "..\..\R5T.NG0022\source\R5T.NG0022\R5T.NG0022.csproj", "{94FFC444-FAE9-4FC2-950E-15F9CC0B24E9}"
EndProject
Project("{9A19103F-16F7-4668-BE54-9A1E7A4F7556}") = "R5T.T0131", "..\..\R5T.T0131\source\R5T.T0131\R5T.T0131.csproj", "{F6132235-79F0-4CFA-8656-D2FAC05629EB}"
EndProject
Project("{9A19103F-16F7-4668-BE54-9A1E7A4F7556}") = "R5T.T0132", "..\..\R5T.T0132\source\R5T.T0132\R5T.T0132.csproj", "{7E008180-0574-4133-BFC2-2958E3651551}"
EndProject
Project("{9A19103F-16F7-4668-BE54-9A1E7A4F7556}") = "R5T.T0142", "..\..\R5T.T0142\source\R5T.T0142\R5T.T0142.csproj", "{C22AB216-1FF6-42A6-B24C-AF42E22A4C93}"
EndProject
Project("{9A19103F-16F7-4668-BE54-9A1E7A4F7556}") = "R5T.T0143", "..\..\R5T.T0143\source\R5T.T0143\R5T.T0143.csproj", "{5013AAEE-7082-48E3-814E-4E3C630FF1A7}"
EndProject
Project("{9A19103F-16F7-4668-BE54-9A1E7A4F7556}") = "R5T.T0150", "..\..\R5T.T0150\source\R5T.T0150\R5T.T0150.csproj", "{04831656-777B-4DE4-BBF3-D8134207B943}"
EndProject
Project("{9A19103F-16F7-4668-BE54-9A1E7A4F7556}") = "R5T.T0151", "..\..\R5T.T0151\source\R5T.T0151\R5T.T0151.csproj", "{55E30651-B9D3-4D59-B69C-659360FDAB2C}"
EndProject
Project("{9A19103F-16F7-4668-BE54-9A1E7A4F7556}") = "R5T.T0156", "..\..\R5T.T0156\source\R5T.T0156\R5T.T0156.csproj", "{FC9D8258-9F75-438E-A772-97BECA1245DC}"
EndProject
Project("{9A19103F-16F7-4668-BE54-9A1E7A4F7556}") = "R5T.T0158", "..\..\R5T.T0158\source\R5T.T0158\R5T.T0158.csproj", "{1B59A399-D21A-4BE5-9C2B-0AEDA196F566}"
EndProject
Project("{9A19103F-16F7-4668-BE54-9A1E7A4F7556}") = "R5T.T0159", "..\..\R5T.T0159\source\R5T.T0159\R5T.T0159.csproj", "{F8236D27-CF24-4630-8000-01E3CA60C474}"
EndProject
Project("{9A19103F-16F7-4668-BE54-9A1E7A4F7556}") = "R5T.T0172", "..\..\R5T.T0172\source\R5T.T0172\R5T.T0172.csproj", "{9678390A-024B-4673-89C3-BFAFA866CB55}"
EndProject
Project("{9A19103F-16F7-4668-BE54-9A1E7A4F7556}") = "R5T.T0174", "..\..\R5T.T0174\source\R5T.T0174\R5T.T0174.csproj", "{43BA7A35-DEF2-4DFD-8E26-6A34E0833BA0}"
EndProject
Project("{9A19103F-16F7-4668-BE54-9A1E7A4F7556}") = "R5T.T0176", "..\..\R5T.T0176\source\R5T.T0176\R5T.T0176.csproj", "{1DB93DF9-8030-4E5E-8FB1-7B2B7A554503}"
EndProject
Project("{9A19103F-16F7-4668-BE54-9A1E7A4F7556}") = "R5T.T0177", "..\..\R5T.T0177\source\R5T.T0177\R5T.T0177.csproj", "{5A2F87BC-FCE7-4B38-A850-505DB76B5162}"
EndProject
Project("{9A19103F-16F7-4668-BE54-9A1E7A4F7556}") = "R5T.T0178", "..\..\R5T.T0178\source\R5T.T0178\R5T.T0178.csproj", "{BEDCF0D7-E98A-4B0E-B3B8-B45FFE2B3118}"
EndProject
Project("{9A19103F-16F7-4668-BE54-9A1E7A4F7556}") = "R5T.T0179", "..\..\R5T.T0179\source\R5T.T0179\R5T.T0179.csproj", "{28318223-F36D-4C8D-9076-0918608C7F9B}"
EndProject
Project("{9A19103F-16F7-4668-BE54-9A1E7A4F7556}") = "R5T.T0180", "..\..\R5T.T0180\source\R5T.T0180\R5T.T0180.csproj", "{99634BB9-560F-4C7D-9855-6B2385FA2582}"
EndProject
Project("{9A19103F-16F7-4668-BE54-9A1E7A4F7556}") = "R5T.T0181", "..\..\R5T.T0181\source\R5T.T0181\R5T.T0181.csproj", "{F07FE803-F9F1-4EFC-AAFF-C015249374BA}"
EndProject
Project("{9A19103F-16F7-4668-BE54-9A1E7A4F7556}") = "R5T.T0185", "..\..\R5T.T0185\source\R5T.T0185\R5T.T0185.csproj", "{E9A976E0-3F24-4555-B863-C098F52881B8}"
EndProject
Project("{9A19103F-16F7-4668-BE54-9A1E7A4F7556}") = "R5T.T0199.T000", "..\..\R5T.T0199\source\R5T.T0199.T000\R5T.T0199.T000.csproj", "{1D7C9AB8-1EB1-416C-8B96-B877944D170A}"
EndProject
Project("{9A19103F-16F7-4668-BE54-9A1E7A4F7556}") = "R5T.T0199.T001", "..\..\R5T.T0199\source\R5T.T0199.T001\R5T.T0199.T001.csproj", "{424B35F9-9F84-452C-B6BF-AB9827E73CD7}"
EndProject
Project("{9A19103F-16F7-4668-BE54-9A1E7A4F7556}") = "R5T.T0199", "..\..\R5T.T0199\source\R5T.T0199\R5T.T0199.csproj", "{132D6BCA-9842-4862-A3E9-321CAA36528A}"
EndProject
Project("{9A19103F-16F7-4668-BE54-9A1E7A4F7556}") = "R5T.T0203", "..\..\R5T.T0203\source\R5T.T0203\R5T.T0203.csproj", "{887A4B5B-1BFA-4FAF-B74E-FD0911C1A349}"
EndProject
Project("{9A19103F-16F7-4668-BE54-9A1E7A4F7556}") = "R5T.T0213", "..\..\R5T.T0213\source\R5T.T0213\R5T.T0213.csproj", "{3C62B012-C675-4771-9958-5BD45FEC15F8}"
EndProject
Project("{9A19103F-16F7-4668-BE54-9A1E7A4F7556}") = "R5T.T0218", "..\..\R5T.T0218\source\R5T.T0218\R5T.T0218.csproj", "{F27DE077-949E-4F93-A6D0-E627E54A03EC}"
EndProject
Project("{9A19103F-16F7-4668-BE54-9A1E7A4F7556}") = "R5T.T0219", "..\..\R5T.T0219\source\R5T.T0219\R5T.T0219.csproj", "{F0E2A63D-1986-4223-9D82-CBE1A82AB8E3}"
EndProject
Project("{9A19103F-16F7-4668-BE54-9A1E7A4F7556}") = "R5T.T0220", "..\..\R5T.T0220\source\R5T.T0220\R5T.T0220.csproj", "{E562660B-0285-436B-8C5B-66C963A3707C}"
EndProject
Project("{9A19103F-16F7-4668-BE54-9A1E7A4F7556}") = "R5T.T0221", "..\..\R5T.T0221\source\R5T.T0221\R5T.T0221.csproj", "{4CAC97AD-73F6-4289-ACA2-821E33BBD69D}"
EndProject
Project("{9A19103F-16F7-4668-BE54-9A1E7A4F7556}") = "R5T.T0227", "..\..\R5T.T0227\source\R5T.T0227\R5T.T0227.csproj", "{C8E20DB1-DDB4-4417-AA59-A8B8EC2315A4}"
EndProject
Project("{9A19103F-16F7-4668-BE54-9A1E7A4F7556}") = "R5T.Y0000", "..\..\R5T.Y0000\source\R5T.Y0000\R5T.Y0000.csproj", "{7EC66961-F7B4-4291-A872-2FC646893188}"
EndProject
Project("{9A19103F-16F7-4668-BE54-9A1E7A4F7556}") = "R5T.Y0006", "..\..\R5T.Y0006\source\R5T.Y0006\R5T.Y0006.csproj", "{E4E3DED1-A3C6-4A9F-887A-20193DC509F3}"
EndProject
Project("{9A19103F-16F7-4668-BE54-9A1E7A4F7556}") = "R5T.Z0000", "..\..\R5T.Z0000\source\R5T.Z0000\R5T.Z0000.csproj", "{563E4E4F-8B94-493B-9B7D-49E25D5BF684}"
EndProject
Project("{9A19103F-16F7-4668-BE54-9A1E7A4F7556}") = "R5T.Z0010.Platform", "..\..\R5T.Z0010\source\R5T.Z0010.Platform\R5T.Z0010.Platform.csproj", "{CF2FC5E0-EA29-4230-B1C6-C2EC41C23BD1}"
EndProject
Project("{9A19103F-16F7-4668-BE54-9A1E7A4F7556}") = "R5T.Z0010", "..\..\R5T.Z0010\source\R5T.Z0010\R5T.Z0010.csproj", "{D0BC07C4-E422-42C5-8079-0D514BBA2C73}"
EndProject
Project("{9A19103F-16F7-4668-BE54-9A1E7A4F7556}") = "R5T.Z0057.Platform", "..\..\R5T.Z0057\source\R5T.Z0057.Platform\R5T.Z0057.Platform.csproj", "{16C12F96-DCA7-45F7-95C4-3915E519C9D4}"
EndProject
Project("{9A19103F-16F7-4668-BE54-9A1E7A4F7556}") = "R5T.Z0057", "..\..\R5T.Z0057\source\R5T.Z0057\R5T.Z0057.csproj", "{4F84E484-A9CF-48B1-B19F-4770E02189A2}"
EndProject
Project("{9A19103F-16F7-4668-BE54-9A1E7A4F7556}") = "R5T.Z0058", "..\..\R5T.Z0058\source\R5T.Z0058\R5T.Z0058.csproj", "{271CCDAA-5D67-4CD2-B397-743F0702D0E3}"
EndProject
Global
	GlobalSection(NestedProjects) = preSolution
		{53F0EC5E-26BA-4557-99A8-28B55638B4F7} = {8F1A099A-7ED8-43D0-A3A3-4390D1B2396D}
		{214DBBBB-AFD6-49A5-9E3F-7B71BAEC1363} = {8F1A099A-7ED8-43D0-A3A3-4390D1B2396D}
		{1C5A75AB-8407-4ADC-90D4-DAE46B31A5CB} = {8F1A099A-7ED8-43D0-A3A3-4390D1B2396D}
		{D50F2222-B1A5-4D38-AEEA-F99F398B11DD} = {8F1A099A-7ED8-43D0-A3A3-4390D1B2396D}
		{80E37788-16CF-4DA6-AE6B-6BBB532813D7} = {8F1A099A-7ED8-43D0-A3A3-4390D1B2396D}
		{A5BC610E-6E7A-46F3-9413-43928FE6D0B4} = {8F1A099A-7ED8-43D0-A3A3-4390D1B2396D}
		{7637C240-31AD-41F1-B1B2-1D06FAE84254} = {8F1A099A-7ED8-43D0-A3A3-4390D1B2396D}
		{D13E556A-1C56-43DB-96C5-0897C62941BA} = {8F1A099A-7ED8-43D0-A3A3-4390D1B2396D}
		{3B4FC53C-7A56-4951-AB6D-1EAF9FB6F45C} = {8F1A099A-7ED8-43D0-A3A3-4390D1B2396D}
		{C3BA5DA9-2604-4770-96BA-A0E27B1A1515} = {8F1A099A-7ED8-43D0-A3A3-4390D1B2396D}
		{F6C4E2F0-405E-4B83-B812-A5ED31FF8C25} = {8F1A099A-7ED8-43D0-A3A3-4390D1B2396D}
		{65D3C07F-DAFA-4F4E-B160-E20B3D21A532} = {8F1A099A-7ED8-43D0-A3A3-4390D1B2396D}
		{1AE263B5-FA4C-4486-9122-217DF3520AC0} = {8F1A099A-7ED8-43D0-A3A3-4390D1B2396D}
		{C01B1284-C224-4D6D-B379-E7C79D60A2E9} = {8F1A099A-7ED8-43D0-A3A3-4390D1B2396D}
		{09FE8CAF-9D1C-41AF-A7B8-9DC7FE02D8AF} = {8F1A099A-7ED8-43D0-A3A3-4390D1B2396D}
		{BE1817CE-B78D-4FC2-AC79-E726ADC8ACD8} = {8F1A099A-7ED8-43D0-A3A3-4390D1B2396D}
		{4D681B9B-B82A-495A-8853-D0E05ECCFE8D} = {8F1A099A-7ED8-43D0-A3A3-4390D1B2396D}
		{6E0663B9-C799-4BBF-AE0D-1162E2896050} = {8F1A099A-7ED8-43D0-A3A3-4390D1B2396D}
		{B8889878-F0D0-4C74-B393-924B2EE867F2} = {8F1A099A-7ED8-43D0-A3A3-4390D1B2396D}
		{94FFC444-FAE9-4FC2-950E-15F9CC0B24E9} = {8F1A099A-7ED8-43D0-A3A3-4390D1B2396D}
		{F6132235-79F0-4CFA-8656-D2FAC05629EB} = {8F1A099A-7ED8-43D0-A3A3-4390D1B2396D}
		{7E008180-0574-4133-BFC2-2958E3651551} = {8F1A099A-7ED8-43D0-A3A3-4390D1B2396D}
		{C22AB216-1FF6-42A6-B24C-AF42E22A4C93} = {8F1A099A-7ED8-43D0-A3A3-4390D1B2396D}
		{5013AAEE-7082-48E3-814E-4E3C630FF1A7} = {8F1A099A-7ED8-43D0-A3A3-4390D1B2396D}
		{04831656-777B-4DE4-BBF3-D8134207B943} = {8F1A099A-7ED8-43D0-A3A3-4390D1B2396D}
		{55E30651-B9D3-4D59-B69C-659360FDAB2C} = {8F1A099A-7ED8-43D0-A3A3-4390D1B2396D}
		{FC9D8258-9F75-438E-A772-97BECA1245DC} = {8F1A099A-7ED8-43D0-A3A3-4390D1B2396D}
		{1B59A399-D21A-4BE5-9C2B-0AEDA196F566} = {8F1A099A-7ED8-43D0-A3A3-4390D1B2396D}
		{F8236D27-CF24-4630-8000-01E3CA60C474} = {8F1A099A-7ED8-43D0-A3A3-4390D1B2396D}
		{9678390A-024B-4673-89C3-BFAFA866CB55} = {8F1A099A-7ED8-43D0-A3A3-4390D1B2396D}
		{43BA7A35-DEF2-4DFD-8E26-6A34E0833BA0} = {8F1A099A-7ED8-43D0-A3A3-4390D1B2396D}
		{1DB93DF9-8030-4E5E-8FB1-7B2B7A554503} = {8F1A099A-7ED8-43D0-A3A3-4390D1B2396D}
		{5A2F87BC-FCE7-4B38-A850-505DB76B5162} = {8F1A099A-7ED8-43D0-A3A3-4390D1B2396D}
		{BEDCF0D7-E98A-4B0E-B3B8-B45FFE2B3118} = {8F1A099A-7ED8-43D0-A3A3-4390D1B2396D}
		{28318223-F36D-4C8D-9076-0918608C7F9B} = {8F1A099A-7ED8-43D0-A3A3-4390D1B2396D}
		{99634BB9-560F-4C7D-9855-6B2385FA2582} = {8F1A099A-7ED8-43D0-A3A3-4390D1B2396D}
		{F07FE803-F9F1-4EFC-AAFF-C015249374BA} = {8F1A099A-7ED8-43D0-A3A3-4390D1B2396D}
		{E9A976E0-3F24-4555-B863-C098F52881B8} = {8F1A099A-7ED8-43D0-A3A3-4390D1B2396D}
		{1D7C9AB8-1EB1-416C-8B96-B877944D170A} = {8F1A099A-7ED8-43D0-A3A3-4390D1B2396D}
		{424B35F9-9F84-452C-B6BF-AB9827E73CD7} = {8F1A099A-7ED8-43D0-A3A3-4390D1B2396D}
		{132D6BCA-9842-4862-A3E9-321CAA36528A} = {8F1A099A-7ED8-43D0-A3A3-4390D1B2396D}
		{887A4B5B-1BFA-4FAF-B74E-FD0911C1A349} = {8F1A099A-7ED8-43D0-A3A3-4390D1B2396D}
		{3C62B012-C675-4771-9958-5BD45FEC15F8} = {8F1A099A-7ED8-43D0-A3A3-4390D1B2396D}
		{F27DE077-949E-4F93-A6D0-E627E54A03EC} = {8F1A099A-7ED8-43D0-A3A3-4390D1B2396D}
		{F0E2A63D-1986-4223-9D82-CBE1A82AB8E3} = {8F1A099A-7ED8-43D0-A3A3-4390D1B2396D}
		{E562660B-0285-436B-8C5B-66C963A3707C} = {8F1A099A-7ED8-43D0-A3A3-4390D1B2396D}
		{4CAC97AD-73F6-4289-ACA2-821E33BBD69D} = {8F1A099A-7ED8-43D0-A3A3-4390D1B2396D}
		{C8E20DB1-DDB4-4417-AA59-A8B8EC2315A4} = {8F1A099A-7ED8-43D0-A3A3-4390D1B2396D}
		{7EC66961-F7B4-4291-A872-2FC646893188} = {8F1A099A-7ED8-43D0-A3A3-4390D1B2396D}
		{E4E3DED1-A3C6-4A9F-887A-20193DC509F3} = {8F1A099A-7ED8-43D0-A3A3-4390D1B2396D}
		{563E4E4F-8B94-493B-9B7D-49E25D5BF684} = {8F1A099A-7ED8-43D0-A3A3-4390D1B2396D}
		{CF2FC5E0-EA29-4230-B1C6-C2EC41C23BD1} = {8F1A099A-7ED8-43D0-A3A3-4390D1B2396D}
		{D0BC07C4-E422-42C5-8079-0D514BBA2C73} = {8F1A099A-7ED8-43D0-A3A3-4390D1B2396D}
		{16C12F96-DCA7-45F7-95C4-3915E519C9D4} = {8F1A099A-7ED8-43D0-A3A3-4390D1B2396D}
		{4F84E484-A9CF-48B1-B19F-4770E02189A2} = {8F1A099A-7ED8-43D0-A3A3-4390D1B2396D}
		{271CCDAA-5D67-4CD2-B397-743F0702D0E3} = {8F1A099A-7ED8-43D0-A3A3-4390D1B2396D}
	EndGlobalSection
	GlobalSection(SolutionConfigurationPlatforms) = preSolution
		Debug|Any CPU = Debug|Any CPU
		Release|Any CPU = Release|Any CPU
	EndGlobalSection
	GlobalSection(ProjectConfigurationPlatforms) = postSolution
		{AC0C12A7-8F49-405F-A103-DD54FC19D2CE}.Debug|Any CPU.ActiveCfg = Debug|Any CPU
		{AC0C12A7-8F49-405F-A103-DD54FC19D2CE}.Debug|Any CPU.Build.0 = Debug|Any CPU
		{AC0C12A7-8F49-405F-A103-DD54FC19D2CE}.Release|Any CPU.ActiveCfg = Release|Any CPU
		{AC0C12A7-8F49-405F-A103-DD54FC19D2CE}.Release|Any CPU.Build.0 = Release|Any CPU
		{493FCC43-07B4-4441-9E0D-47DA640D74FC}.Debug|Any CPU.ActiveCfg = Debug|Any CPU
		{493FCC43-07B4-4441-9E0D-47DA640D74FC}.Debug|Any CPU.Build.0 = Debug|Any CPU
		{493FCC43-07B4-4441-9E0D-47DA640D74FC}.Release|Any CPU.ActiveCfg = Release|Any CPU
		{493FCC43-07B4-4441-9E0D-47DA640D74FC}.Release|Any CPU.Build.0 = Release|Any CPU
		{2CD3C172-80C9-44A8-98AB-EF64B5EFC25C}.Debug|Any CPU.ActiveCfg = Debug|Any CPU
		{2CD3C172-80C9-44A8-98AB-EF64B5EFC25C}.Debug|Any CPU.Build.0 = Debug|Any CPU
		{2CD3C172-80C9-44A8-98AB-EF64B5EFC25C}.Release|Any CPU.ActiveCfg = Release|Any CPU
		{2CD3C172-80C9-44A8-98AB-EF64B5EFC25C}.Release|Any CPU.Build.0 = Release|Any CPU
		{53F0EC5E-26BA-4557-99A8-28B55638B4F7}.Debug|Any CPU.ActiveCfg = Debug|Any CPU
		{53F0EC5E-26BA-4557-99A8-28B55638B4F7}.Debug|Any CPU.Build.0 = Debug|Any CPU
		{53F0EC5E-26BA-4557-99A8-28B55638B4F7}.Release|Any CPU.ActiveCfg = Release|Any CPU
		{53F0EC5E-26BA-4557-99A8-28B55638B4F7}.Release|Any CPU.Build.0 = Release|Any CPU
		{214DBBBB-AFD6-49A5-9E3F-7B71BAEC1363}.Debug|Any CPU.ActiveCfg = Debug|Any CPU
		{214DBBBB-AFD6-49A5-9E3F-7B71BAEC1363}.Debug|Any CPU.Build.0 = Debug|Any CPU
		{214DBBBB-AFD6-49A5-9E3F-7B71BAEC1363}.Release|Any CPU.ActiveCfg = Release|Any CPU
		{214DBBBB-AFD6-49A5-9E3F-7B71BAEC1363}.Release|Any CPU.Build.0 = Release|Any CPU
		{1C5A75AB-8407-4ADC-90D4-DAE46B31A5CB}.Debug|Any CPU.ActiveCfg = Debug|Any CPU
		{1C5A75AB-8407-4ADC-90D4-DAE46B31A5CB}.Debug|Any CPU.Build.0 = Debug|Any CPU
		{1C5A75AB-8407-4ADC-90D4-DAE46B31A5CB}.Release|Any CPU.ActiveCfg = Release|Any CPU
		{1C5A75AB-8407-4ADC-90D4-DAE46B31A5CB}.Release|Any CPU.Build.0 = Release|Any CPU
		{D50F2222-B1A5-4D38-AEEA-F99F398B11DD}.Debug|Any CPU.ActiveCfg = Debug|Any CPU
		{D50F2222-B1A5-4D38-AEEA-F99F398B11DD}.Debug|Any CPU.Build.0 = Debug|Any CPU
		{D50F2222-B1A5-4D38-AEEA-F99F398B11DD}.Release|Any CPU.ActiveCfg = Release|Any CPU
		{D50F2222-B1A5-4D38-AEEA-F99F398B11DD}.Release|Any CPU.Build.0 = Release|Any CPU
		{80E37788-16CF-4DA6-AE6B-6BBB532813D7}.Debug|Any CPU.ActiveCfg = Debug|Any CPU
		{80E37788-16CF-4DA6-AE6B-6BBB532813D7}.Debug|Any CPU.Build.0 = Debug|Any CPU
		{80E37788-16CF-4DA6-AE6B-6BBB532813D7}.Release|Any CPU.ActiveCfg = Release|Any CPU
		{80E37788-16CF-4DA6-AE6B-6BBB532813D7}.Release|Any CPU.Build.0 = Release|Any CPU
		{A5BC610E-6E7A-46F3-9413-43928FE6D0B4}.Debug|Any CPU.ActiveCfg = Debug|Any CPU
		{A5BC610E-6E7A-46F3-9413-43928FE6D0B4}.Debug|Any CPU.Build.0 = Debug|Any CPU
		{A5BC610E-6E7A-46F3-9413-43928FE6D0B4}.Release|Any CPU.ActiveCfg = Release|Any CPU
		{A5BC610E-6E7A-46F3-9413-43928FE6D0B4}.Release|Any CPU.Build.0 = Release|Any CPU
		{7637C240-31AD-41F1-B1B2-1D06FAE84254}.Debug|Any CPU.ActiveCfg = Debug|Any CPU
		{7637C240-31AD-41F1-B1B2-1D06FAE84254}.Debug|Any CPU.Build.0 = Debug|Any CPU
		{7637C240-31AD-41F1-B1B2-1D06FAE84254}.Release|Any CPU.ActiveCfg = Release|Any CPU
		{7637C240-31AD-41F1-B1B2-1D06FAE84254}.Release|Any CPU.Build.0 = Release|Any CPU
		{D13E556A-1C56-43DB-96C5-0897C62941BA}.Debug|Any CPU.ActiveCfg = Debug|Any CPU
		{D13E556A-1C56-43DB-96C5-0897C62941BA}.Debug|Any CPU.Build.0 = Debug|Any CPU
		{D13E556A-1C56-43DB-96C5-0897C62941BA}.Release|Any CPU.ActiveCfg = Release|Any CPU
		{D13E556A-1C56-43DB-96C5-0897C62941BA}.Release|Any CPU.Build.0 = Release|Any CPU
		{3B4FC53C-7A56-4951-AB6D-1EAF9FB6F45C}.Debug|Any CPU.ActiveCfg = Debug|Any CPU
		{3B4FC53C-7A56-4951-AB6D-1EAF9FB6F45C}.Debug|Any CPU.Build.0 = Debug|Any CPU
		{3B4FC53C-7A56-4951-AB6D-1EAF9FB6F45C}.Release|Any CPU.ActiveCfg = Release|Any CPU
		{3B4FC53C-7A56-4951-AB6D-1EAF9FB6F45C}.Release|Any CPU.Build.0 = Release|Any CPU
		{C3BA5DA9-2604-4770-96BA-A0E27B1A1515}.Debug|Any CPU.ActiveCfg = Debug|Any CPU
		{C3BA5DA9-2604-4770-96BA-A0E27B1A1515}.Debug|Any CPU.Build.0 = Debug|Any CPU
		{C3BA5DA9-2604-4770-96BA-A0E27B1A1515}.Release|Any CPU.ActiveCfg = Release|Any CPU
		{C3BA5DA9-2604-4770-96BA-A0E27B1A1515}.Release|Any CPU.Build.0 = Release|Any CPU
		{F6C4E2F0-405E-4B83-B812-A5ED31FF8C25}.Debug|Any CPU.ActiveCfg = Debug|Any CPU
		{F6C4E2F0-405E-4B83-B812-A5ED31FF8C25}.Debug|Any CPU.Build.0 = Debug|Any CPU
		{F6C4E2F0-405E-4B83-B812-A5ED31FF8C25}.Release|Any CPU.ActiveCfg = Release|Any CPU
		{F6C4E2F0-405E-4B83-B812-A5ED31FF8C25}.Release|Any CPU.Build.0 = Release|Any CPU
		{65D3C07F-DAFA-4F4E-B160-E20B3D21A532}.Debug|Any CPU.ActiveCfg = Debug|Any CPU
		{65D3C07F-DAFA-4F4E-B160-E20B3D21A532}.Debug|Any CPU.Build.0 = Debug|Any CPU
		{65D3C07F-DAFA-4F4E-B160-E20B3D21A532}.Release|Any CPU.ActiveCfg = Release|Any CPU
		{65D3C07F-DAFA-4F4E-B160-E20B3D21A532}.Release|Any CPU.Build.0 = Release|Any CPU
		{1AE263B5-FA4C-4486-9122-217DF3520AC0}.Debug|Any CPU.ActiveCfg = Debug|Any CPU
		{1AE263B5-FA4C-4486-9122-217DF3520AC0}.Debug|Any CPU.Build.0 = Debug|Any CPU
		{1AE263B5-FA4C-4486-9122-217DF3520AC0}.Release|Any CPU.ActiveCfg = Release|Any CPU
		{1AE263B5-FA4C-4486-9122-217DF3520AC0}.Release|Any CPU.Build.0 = Release|Any CPU
		{C01B1284-C224-4D6D-B379-E7C79D60A2E9}.Debug|Any CPU.ActiveCfg = Debug|Any CPU
		{C01B1284-C224-4D6D-B379-E7C79D60A2E9}.Debug|Any CPU.Build.0 = Debug|Any CPU
		{C01B1284-C224-4D6D-B379-E7C79D60A2E9}.Release|Any CPU.ActiveCfg = Release|Any CPU
		{C01B1284-C224-4D6D-B379-E7C79D60A2E9}.Release|Any CPU.Build.0 = Release|Any CPU
		{09FE8CAF-9D1C-41AF-A7B8-9DC7FE02D8AF}.Debug|Any CPU.ActiveCfg = Debug|Any CPU
		{09FE8CAF-9D1C-41AF-A7B8-9DC7FE02D8AF}.Debug|Any CPU.Build.0 = Debug|Any CPU
		{09FE8CAF-9D1C-41AF-A7B8-9DC7FE02D8AF}.Release|Any CPU.ActiveCfg = Release|Any CPU
		{09FE8CAF-9D1C-41AF-A7B8-9DC7FE02D8AF}.Release|Any CPU.Build.0 = Release|Any CPU
		{BE1817CE-B78D-4FC2-AC79-E726ADC8ACD8}.Debug|Any CPU.ActiveCfg = Debug|Any CPU
		{BE1817CE-B78D-4FC2-AC79-E726ADC8ACD8}.Debug|Any CPU.Build.0 = Debug|Any CPU
		{BE1817CE-B78D-4FC2-AC79-E726ADC8ACD8}.Release|Any CPU.ActiveCfg = Release|Any CPU
		{BE1817CE-B78D-4FC2-AC79-E726ADC8ACD8}.Release|Any CPU.Build.0 = Release|Any CPU
		{4D681B9B-B82A-495A-8853-D0E05ECCFE8D}.Debug|Any CPU.ActiveCfg = Debug|Any CPU
		{4D681B9B-B82A-495A-8853-D0E05ECCFE8D}.Debug|Any CPU.Build.0 = Debug|Any CPU
		{4D681B9B-B82A-495A-8853-D0E05ECCFE8D}.Release|Any CPU.ActiveCfg = Release|Any CPU
		{4D681B9B-B82A-495A-8853-D0E05ECCFE8D}.Release|Any CPU.Build.0 = Release|Any CPU
		{6E0663B9-C799-4BBF-AE0D-1162E2896050}.Debug|Any CPU.ActiveCfg = Debug|Any CPU
		{6E0663B9-C799-4BBF-AE0D-1162E2896050}.Debug|Any CPU.Build.0 = Debug|Any CPU
		{6E0663B9-C799-4BBF-AE0D-1162E2896050}.Release|Any CPU.ActiveCfg = Release|Any CPU
		{6E0663B9-C799-4BBF-AE0D-1162E2896050}.Release|Any CPU.Build.0 = Release|Any CPU
		{B8889878-F0D0-4C74-B393-924B2EE867F2}.Debug|Any CPU.ActiveCfg = Debug|Any CPU
		{B8889878-F0D0-4C74-B393-924B2EE867F2}.Debug|Any CPU.Build.0 = Debug|Any CPU
		{B8889878-F0D0-4C74-B393-924B2EE867F2}.Release|Any CPU.ActiveCfg = Release|Any CPU
		{B8889878-F0D0-4C74-B393-924B2EE867F2}.Release|Any CPU.Build.0 = Release|Any CPU
		{94FFC444-FAE9-4FC2-950E-15F9CC0B24E9}.Debug|Any CPU.ActiveCfg = Debug|Any CPU
		{94FFC444-FAE9-4FC2-950E-15F9CC0B24E9}.Debug|Any CPU.Build.0 = Debug|Any CPU
		{94FFC444-FAE9-4FC2-950E-15F9CC0B24E9}.Release|Any CPU.ActiveCfg = Release|Any CPU
		{94FFC444-FAE9-4FC2-950E-15F9CC0B24E9}.Release|Any CPU.Build.0 = Release|Any CPU
		{F6132235-79F0-4CFA-8656-D2FAC05629EB}.Debug|Any CPU.ActiveCfg = Debug|Any CPU
		{F6132235-79F0-4CFA-8656-D2FAC05629EB}.Debug|Any CPU.Build.0 = Debug|Any CPU
		{F6132235-79F0-4CFA-8656-D2FAC05629EB}.Release|Any CPU.ActiveCfg = Release|Any CPU
		{F6132235-79F0-4CFA-8656-D2FAC05629EB}.Release|Any CPU.Build.0 = Release|Any CPU
		{7E008180-0574-4133-BFC2-2958E3651551}.Debug|Any CPU.ActiveCfg = Debug|Any CPU
		{7E008180-0574-4133-BFC2-2958E3651551}.Debug|Any CPU.Build.0 = Debug|Any CPU
		{7E008180-0574-4133-BFC2-2958E3651551}.Release|Any CPU.ActiveCfg = Release|Any CPU
		{7E008180-0574-4133-BFC2-2958E3651551}.Release|Any CPU.Build.0 = Release|Any CPU
		{C22AB216-1FF6-42A6-B24C-AF42E22A4C93}.Debug|Any CPU.ActiveCfg = Debug|Any CPU
		{C22AB216-1FF6-42A6-B24C-AF42E22A4C93}.Debug|Any CPU.Build.0 = Debug|Any CPU
		{C22AB216-1FF6-42A6-B24C-AF42E22A4C93}.Release|Any CPU.ActiveCfg = Release|Any CPU
		{C22AB216-1FF6-42A6-B24C-AF42E22A4C93}.Release|Any CPU.Build.0 = Release|Any CPU
		{5013AAEE-7082-48E3-814E-4E3C630FF1A7}.Debug|Any CPU.ActiveCfg = Debug|Any CPU
		{5013AAEE-7082-48E3-814E-4E3C630FF1A7}.Debug|Any CPU.Build.0 = Debug|Any CPU
		{5013AAEE-7082-48E3-814E-4E3C630FF1A7}.Release|Any CPU.ActiveCfg = Release|Any CPU
		{5013AAEE-7082-48E3-814E-4E3C630FF1A7}.Release|Any CPU.Build.0 = Release|Any CPU
		{04831656-777B-4DE4-BBF3-D8134207B943}.Debug|Any CPU.ActiveCfg = Debug|Any CPU
		{04831656-777B-4DE4-BBF3-D8134207B943}.Debug|Any CPU.Build.0 = Debug|Any CPU
		{04831656-777B-4DE4-BBF3-D8134207B943}.Release|Any CPU.ActiveCfg = Release|Any CPU
		{04831656-777B-4DE4-BBF3-D8134207B943}.Release|Any CPU.Build.0 = Release|Any CPU
		{55E30651-B9D3-4D59-B69C-659360FDAB2C}.Debug|Any CPU.ActiveCfg = Debug|Any CPU
		{55E30651-B9D3-4D59-B69C-659360FDAB2C}.Debug|Any CPU.Build.0 = Debug|Any CPU
		{55E30651-B9D3-4D59-B69C-659360FDAB2C}.Release|Any CPU.ActiveCfg = Release|Any CPU
		{55E30651-B9D3-4D59-B69C-659360FDAB2C}.Release|Any CPU.Build.0 = Release|Any CPU
		{FC9D8258-9F75-438E-A772-97BECA1245DC}.Debug|Any CPU.ActiveCfg = Debug|Any CPU
		{FC9D8258-9F75-438E-A772-97BECA1245DC}.Debug|Any CPU.Build.0 = Debug|Any CPU
		{FC9D8258-9F75-438E-A772-97BECA1245DC}.Release|Any CPU.ActiveCfg = Release|Any CPU
		{FC9D8258-9F75-438E-A772-97BECA1245DC}.Release|Any CPU.Build.0 = Release|Any CPU
		{1B59A399-D21A-4BE5-9C2B-0AEDA196F566}.Debug|Any CPU.ActiveCfg = Debug|Any CPU
		{1B59A399-D21A-4BE5-9C2B-0AEDA196F566}.Debug|Any CPU.Build.0 = Debug|Any CPU
		{1B59A399-D21A-4BE5-9C2B-0AEDA196F566}.Release|Any CPU.ActiveCfg = Release|Any CPU
		{1B59A399-D21A-4BE5-9C2B-0AEDA196F566}.Release|Any CPU.Build.0 = Release|Any CPU
		{F8236D27-CF24-4630-8000-01E3CA60C474}.Debug|Any CPU.ActiveCfg = Debug|Any CPU
		{F8236D27-CF24-4630-8000-01E3CA60C474}.Debug|Any CPU.Build.0 = Debug|Any CPU
		{F8236D27-CF24-4630-8000-01E3CA60C474}.Release|Any CPU.ActiveCfg = Release|Any CPU
		{F8236D27-CF24-4630-8000-01E3CA60C474}.Release|Any CPU.Build.0 = Release|Any CPU
		{9678390A-024B-4673-89C3-BFAFA866CB55}.Debug|Any CPU.ActiveCfg = Debug|Any CPU
		{9678390A-024B-4673-89C3-BFAFA866CB55}.Debug|Any CPU.Build.0 = Debug|Any CPU
		{9678390A-024B-4673-89C3-BFAFA866CB55}.Release|Any CPU.ActiveCfg = Release|Any CPU
		{9678390A-024B-4673-89C3-BFAFA866CB55}.Release|Any CPU.Build.0 = Release|Any CPU
		{43BA7A35-DEF2-4DFD-8E26-6A34E0833BA0}.Debug|Any CPU.ActiveCfg = Debug|Any CPU
		{43BA7A35-DEF2-4DFD-8E26-6A34E0833BA0}.Debug|Any CPU.Build.0 = Debug|Any CPU
		{43BA7A35-DEF2-4DFD-8E26-6A34E0833BA0}.Release|Any CPU.ActiveCfg = Release|Any CPU
		{43BA7A35-DEF2-4DFD-8E26-6A34E0833BA0}.Release|Any CPU.Build.0 = Release|Any CPU
		{1DB93DF9-8030-4E5E-8FB1-7B2B7A554503}.Debug|Any CPU.ActiveCfg = Debug|Any CPU
		{1DB93DF9-8030-4E5E-8FB1-7B2B7A554503}.Debug|Any CPU.Build.0 = Debug|Any CPU
		{1DB93DF9-8030-4E5E-8FB1-7B2B7A554503}.Release|Any CPU.ActiveCfg = Release|Any CPU
		{1DB93DF9-8030-4E5E-8FB1-7B2B7A554503}.Release|Any CPU.Build.0 = Release|Any CPU
		{5A2F87BC-FCE7-4B38-A850-505DB76B5162}.Debug|Any CPU.ActiveCfg = Debug|Any CPU
		{5A2F87BC-FCE7-4B38-A850-505DB76B5162}.Debug|Any CPU.Build.0 = Debug|Any CPU
		{5A2F87BC-FCE7-4B38-A850-505DB76B5162}.Release|Any CPU.ActiveCfg = Release|Any CPU
		{5A2F87BC-FCE7-4B38-A850-505DB76B5162}.Release|Any CPU.Build.0 = Release|Any CPU
		{BEDCF0D7-E98A-4B0E-B3B8-B45FFE2B3118}.Debug|Any CPU.ActiveCfg = Debug|Any CPU
		{BEDCF0D7-E98A-4B0E-B3B8-B45FFE2B3118}.Debug|Any CPU.Build.0 = Debug|Any CPU
		{BEDCF0D7-E98A-4B0E-B3B8-B45FFE2B3118}.Release|Any CPU.ActiveCfg = Release|Any CPU
		{BEDCF0D7-E98A-4B0E-B3B8-B45FFE2B3118}.Release|Any CPU.Build.0 = Release|Any CPU
		{28318223-F36D-4C8D-9076-0918608C7F9B}.Debug|Any CPU.ActiveCfg = Debug|Any CPU
		{28318223-F36D-4C8D-9076-0918608C7F9B}.Debug|Any CPU.Build.0 = Debug|Any CPU
		{28318223-F36D-4C8D-9076-0918608C7F9B}.Release|Any CPU.ActiveCfg = Release|Any CPU
		{28318223-F36D-4C8D-9076-0918608C7F9B}.Release|Any CPU.Build.0 = Release|Any CPU
		{99634BB9-560F-4C7D-9855-6B2385FA2582}.Debug|Any CPU.ActiveCfg = Debug|Any CPU
		{99634BB9-560F-4C7D-9855-6B2385FA2582}.Debug|Any CPU.Build.0 = Debug|Any CPU
		{99634BB9-560F-4C7D-9855-6B2385FA2582}.Release|Any CPU.ActiveCfg = Release|Any CPU
		{99634BB9-560F-4C7D-9855-6B2385FA2582}.Release|Any CPU.Build.0 = Release|Any CPU
		{F07FE803-F9F1-4EFC-AAFF-C015249374BA}.Debug|Any CPU.ActiveCfg = Debug|Any CPU
		{F07FE803-F9F1-4EFC-AAFF-C015249374BA}.Debug|Any CPU.Build.0 = Debug|Any CPU
		{F07FE803-F9F1-4EFC-AAFF-C015249374BA}.Release|Any CPU.ActiveCfg = Release|Any CPU
		{F07FE803-F9F1-4EFC-AAFF-C015249374BA}.Release|Any CPU.Build.0 = Release|Any CPU
		{E9A976E0-3F24-4555-B863-C098F52881B8}.Debug|Any CPU.ActiveCfg = Debug|Any CPU
		{E9A976E0-3F24-4555-B863-C098F52881B8}.Debug|Any CPU.Build.0 = Debug|Any CPU
		{E9A976E0-3F24-4555-B863-C098F52881B8}.Release|Any CPU.ActiveCfg = Release|Any CPU
		{E9A976E0-3F24-4555-B863-C098F52881B8}.Release|Any CPU.Build.0 = Release|Any CPU
		{1D7C9AB8-1EB1-416C-8B96-B877944D170A}.Debug|Any CPU.ActiveCfg = Debug|Any CPU
		{1D7C9AB8-1EB1-416C-8B96-B877944D170A}.Debug|Any CPU.Build.0 = Debug|Any CPU
		{1D7C9AB8-1EB1-416C-8B96-B877944D170A}.Release|Any CPU.ActiveCfg = Release|Any CPU
		{1D7C9AB8-1EB1-416C-8B96-B877944D170A}.Release|Any CPU.Build.0 = Release|Any CPU
		{424B35F9-9F84-452C-B6BF-AB9827E73CD7}.Debug|Any CPU.ActiveCfg = Debug|Any CPU
		{424B35F9-9F84-452C-B6BF-AB9827E73CD7}.Debug|Any CPU.Build.0 = Debug|Any CPU
		{424B35F9-9F84-452C-B6BF-AB9827E73CD7}.Release|Any CPU.ActiveCfg = Release|Any CPU
		{424B35F9-9F84-452C-B6BF-AB9827E73CD7}.Release|Any CPU.Build.0 = Release|Any CPU
		{132D6BCA-9842-4862-A3E9-321CAA36528A}.Debug|Any CPU.ActiveCfg = Debug|Any CPU
		{132D6BCA-9842-4862-A3E9-321CAA36528A}.Debug|Any CPU.Build.0 = Debug|Any CPU
		{132D6BCA-9842-4862-A3E9-321CAA36528A}.Release|Any CPU.ActiveCfg = Release|Any CPU
		{132D6BCA-9842-4862-A3E9-321CAA36528A}.Release|Any CPU.Build.0 = Release|Any CPU
		{887A4B5B-1BFA-4FAF-B74E-FD0911C1A349}.Debug|Any CPU.ActiveCfg = Debug|Any CPU
		{887A4B5B-1BFA-4FAF-B74E-FD0911C1A349}.Debug|Any CPU.Build.0 = Debug|Any CPU
		{887A4B5B-1BFA-4FAF-B74E-FD0911C1A349}.Release|Any CPU.ActiveCfg = Release|Any CPU
		{887A4B5B-1BFA-4FAF-B74E-FD0911C1A349}.Release|Any CPU.Build.0 = Release|Any CPU
		{3C62B012-C675-4771-9958-5BD45FEC15F8}.Debug|Any CPU.ActiveCfg = Debug|Any CPU
		{3C62B012-C675-4771-9958-5BD45FEC15F8}.Debug|Any CPU.Build.0 = Debug|Any CPU
		{3C62B012-C675-4771-9958-5BD45FEC15F8}.Release|Any CPU.ActiveCfg = Release|Any CPU
		{3C62B012-C675-4771-9958-5BD45FEC15F8}.Release|Any CPU.Build.0 = Release|Any CPU
		{F27DE077-949E-4F93-A6D0-E627E54A03EC}.Debug|Any CPU.ActiveCfg = Debug|Any CPU
		{F27DE077-949E-4F93-A6D0-E627E54A03EC}.Debug|Any CPU.Build.0 = Debug|Any CPU
		{F27DE077-949E-4F93-A6D0-E627E54A03EC}.Release|Any CPU.ActiveCfg = Release|Any CPU
		{F27DE077-949E-4F93-A6D0-E627E54A03EC}.Release|Any CPU.Build.0 = Release|Any CPU
		{F0E2A63D-1986-4223-9D82-CBE1A82AB8E3}.Debug|Any CPU.ActiveCfg = Debug|Any CPU
		{F0E2A63D-1986-4223-9D82-CBE1A82AB8E3}.Debug|Any CPU.Build.0 = Debug|Any CPU
		{F0E2A63D-1986-4223-9D82-CBE1A82AB8E3}.Release|Any CPU.ActiveCfg = Release|Any CPU
		{F0E2A63D-1986-4223-9D82-CBE1A82AB8E3}.Release|Any CPU.Build.0 = Release|Any CPU
		{E562660B-0285-436B-8C5B-66C963A3707C}.Debug|Any CPU.ActiveCfg = Debug|Any CPU
		{E562660B-0285-436B-8C5B-66C963A3707C}.Debug|Any CPU.Build.0 = Debug|Any CPU
		{E562660B-0285-436B-8C5B-66C963A3707C}.Release|Any CPU.ActiveCfg = Release|Any CPU
		{E562660B-0285-436B-8C5B-66C963A3707C}.Release|Any CPU.Build.0 = Release|Any CPU
		{4CAC97AD-73F6-4289-ACA2-821E33BBD69D}.Debug|Any CPU.ActiveCfg = Debug|Any CPU
		{4CAC97AD-73F6-4289-ACA2-821E33BBD69D}.Debug|Any CPU.Build.0 = Debug|Any CPU
		{4CAC97AD-73F6-4289-ACA2-821E33BBD69D}.Release|Any CPU.ActiveCfg = Release|Any CPU
		{4CAC97AD-73F6-4289-ACA2-821E33BBD69D}.Release|Any CPU.Build.0 = Release|Any CPU
		{C8E20DB1-DDB4-4417-AA59-A8B8EC2315A4}.Debug|Any CPU.ActiveCfg = Debug|Any CPU
		{C8E20DB1-DDB4-4417-AA59-A8B8EC2315A4}.Debug|Any CPU.Build.0 = Debug|Any CPU
		{C8E20DB1-DDB4-4417-AA59-A8B8EC2315A4}.Release|Any CPU.ActiveCfg = Release|Any CPU
		{C8E20DB1-DDB4-4417-AA59-A8B8EC2315A4}.Release|Any CPU.Build.0 = Release|Any CPU
		{7EC66961-F7B4-4291-A872-2FC646893188}.Debug|Any CPU.ActiveCfg = Debug|Any CPU
		{7EC66961-F7B4-4291-A872-2FC646893188}.Debug|Any CPU.Build.0 = Debug|Any CPU
		{7EC66961-F7B4-4291-A872-2FC646893188}.Release|Any CPU.ActiveCfg = Release|Any CPU
		{7EC66961-F7B4-4291-A872-2FC646893188}.Release|Any CPU.Build.0 = Release|Any CPU
		{E4E3DED1-A3C6-4A9F-887A-20193DC509F3}.Debug|Any CPU.ActiveCfg = Debug|Any CPU
		{E4E3DED1-A3C6-4A9F-887A-20193DC509F3}.Debug|Any CPU.Build.0 = Debug|Any CPU
		{E4E3DED1-A3C6-4A9F-887A-20193DC509F3}.Release|Any CPU.ActiveCfg = Release|Any CPU
		{E4E3DED1-A3C6-4A9F-887A-20193DC509F3}.Release|Any CPU.Build.0 = Release|Any CPU
		{563E4E4F-8B94-493B-9B7D-49E25D5BF684}.Debug|Any CPU.ActiveCfg = Debug|Any CPU
		{563E4E4F-8B94-493B-9B7D-49E25D5BF684}.Debug|Any CPU.Build.0 = Debug|Any CPU
		{563E4E4F-8B94-493B-9B7D-49E25D5BF684}.Release|Any CPU.ActiveCfg = Release|Any CPU
		{563E4E4F-8B94-493B-9B7D-49E25D5BF684}.Release|Any CPU.Build.0 = Release|Any CPU
		{CF2FC5E0-EA29-4230-B1C6-C2EC41C23BD1}.Debug|Any CPU.ActiveCfg = Debug|Any CPU
		{CF2FC5E0-EA29-4230-B1C6-C2EC41C23BD1}.Debug|Any CPU.Build.0 = Debug|Any CPU
		{CF2FC5E0-EA29-4230-B1C6-C2EC41C23BD1}.Release|Any CPU.ActiveCfg = Release|Any CPU
		{CF2FC5E0-EA29-4230-B1C6-C2EC41C23BD1}.Release|Any CPU.Build.0 = Release|Any CPU
		{D0BC07C4-E422-42C5-8079-0D514BBA2C73}.Debug|Any CPU.ActiveCfg = Debug|Any CPU
		{D0BC07C4-E422-42C5-8079-0D514BBA2C73}.Debug|Any CPU.Build.0 = Debug|Any CPU
		{D0BC07C4-E422-42C5-8079-0D514BBA2C73}.Release|Any CPU.ActiveCfg = Release|Any CPU
		{D0BC07C4-E422-42C5-8079-0D514BBA2C73}.Release|Any CPU.Build.0 = Release|Any CPU
		{16C12F96-DCA7-45F7-95C4-3915E519C9D4}.Debug|Any CPU.ActiveCfg = Debug|Any CPU
		{16C12F96-DCA7-45F7-95C4-3915E519C9D4}.Debug|Any CPU.Build.0 = Debug|Any CPU
		{16C12F96-DCA7-45F7-95C4-3915E519C9D4}.Release|Any CPU.ActiveCfg = Release|Any CPU
		{16C12F96-DCA7-45F7-95C4-3915E519C9D4}.Release|Any CPU.Build.0 = Release|Any CPU
		{4F84E484-A9CF-48B1-B19F-4770E02189A2}.Debug|Any CPU.ActiveCfg = Debug|Any CPU
		{4F84E484-A9CF-48B1-B19F-4770E02189A2}.Debug|Any CPU.Build.0 = Debug|Any CPU
		{4F84E484-A9CF-48B1-B19F-4770E02189A2}.Release|Any CPU.ActiveCfg = Release|Any CPU
		{4F84E484-A9CF-48B1-B19F-4770E02189A2}.Release|Any CPU.Build.0 = Release|Any CPU
		{271CCDAA-5D67-4CD2-B397-743F0702D0E3}.Debug|Any CPU.ActiveCfg = Debug|Any CPU
		{271CCDAA-5D67-4CD2-B397-743F0702D0E3}.Debug|Any CPU.Build.0 = Debug|Any CPU
		{271CCDAA-5D67-4CD2-B397-743F0702D0E3}.Release|Any CPU.ActiveCfg = Release|Any CPU
		{271CCDAA-5D67-4CD2-B397-743F0702D0E3}.Release|Any CPU.Build.0 = Release|Any CPU
	EndGlobalSection
	GlobalSection(SolutionProperties) = preSolution
		HideSolutionNode = FALSE
	EndGlobalSection
	GlobalSection(ExtensibilityGlobals) = postSolution
		SolutionGuid = {60DF6817-EF20-4AD2-9CF1-D5198EBD8D57}
	EndGlobalSection
EndGlobal
