
Microsoft Visual Studio Solution File, Format Version 12.00
# Visual Studio Version 17
VisualStudioVersion = 17.2.32630.192
MinimumVisualStudioVersion = 10.0.40219.1
Project("{9A19103F-16F7-4668-BE54-9A1E7A4F7556}") = "R5T.Z0067", "R5T.Z0067\R5T.Z0067.csproj", "{A05AA618-2518-4F3F-AA31-C05BAC20465A}"
EndProject
Global
	GlobalSection(SolutionConfigurationPlatforms) = preSolution
		Debug|Any CPU = Debug|Any CPU
		Release|Any CPU = Release|Any CPU
	EndGlobalSection
	GlobalSection(ProjectConfigurationPlatforms) = postSolution
		{A05AA618-2518-4F3F-AA31-C05BAC20465A}.Debug|Any CPU.ActiveCfg = Debug|Any CPU
		{A05AA618-2518-4F3F-AA31-C05BAC20465A}.Debug|Any CPU.Build.0 = Debug|Any CPU
		{A05AA618-2518-4F3F-AA31-C05BAC20465A}.Release|Any CPU.ActiveCfg = Release|Any CPU
		{A05AA618-2518-4F3F-AA31-C05BAC20465A}.Release|Any CPU.Build.0 = Release|Any CPU
	EndGlobalSection
	GlobalSection(SolutionProperties) = preSolution
		HideSolutionNode = FALSE
	EndGlobalSection
	GlobalSection(ExtensibilityGlobals) = postSolution
		SolutionGuid = {B87FCAEF-4096-4FDF-A849-51118A1C9414}
	EndGlobalSection
EndGlobal
